schema: '2.0'
stages:
  data_pre:
    cmd: python src/data/make_dataset.py data/raw/a1_RestaurantReviews_HistoricDump.tsv
      data/processed/restaurant_reviews.csv
    deps:
    - path: src/data/make_dataset.py
      md5: ff60bc4bf7e2088a83ad855d5c3a11ee
      size: 1481
    outs:
    - path: data/processed/restaurant_reviews.csv
      md5: 39b902956a164104dda8f21618c9d8d5
      size: 31609
  train:
    cmd: python src/models/train_model.py data/processed/restaurant_reviews.csv models/naive_bayes_classifier.pkl
    deps:
    - path: data/processed/restaurant_reviews.csv
      md5: 39b902956a164104dda8f21618c9d8d5
      size: 31609
    outs:
    - path: models/accuracy.json
      md5: eaba43a2cc29dacb7e65aba7dd876f8b
      size: 32
    - path: models/naive_bayes_classifier.pkl
      md5: 97bb5d001bc00dd8b1b777df8e08bc98
      size: 78566
