schema: '2.0'
stages:
  data_pre:
    cmd: python src/data/make_dataset.py data/raw/a1_RestaurantReviews_HistoricDump.tsv
      data/processed/restaurant_reviews.csv
    deps:
    - path: src/data/make_dataset.py
      md5: 864c9acb752701288b118f28f39ba56f
      size: 1472
    outs:
    - path: data/processed/restaurant_reviews.csv
      md5: 39b902956a164104dda8f21618c9d8d5
      size: 31609
  train:
    cmd: python src/models/train_model.py data/processed/restaurant_reviews.csv models/naive_bayes_classifier.pkl
    deps:
    - path: data/processed/restaurant_reviews.csv
      md5: 39b902956a164104dda8f21618c9d8d5
      size: 31609
    outs:
    - path: models/metrics.json
      md5: eb74c184a79c0f9e29543bd66d836df0
      size: 271
    - path: models/naive_bayes_classifier.pkl
      md5: 6f020317ef423e8c57bd12ecf5622057
      size: 79814
